
Microsoft Visual Studio Solution File, Format Version 12.00
# Visual Studio Version 16
VisualStudioVersion = 16.0.28803.202
MinimumVisualStudioVersion = 10.0.40219.1
Project("{9A19103F-16F7-4668-BE54-9A1E7A4F7556}") = "ServiceManagementApp", "ServiceManagementApp\ServiceManagementApp.csproj", "{882B3424-8F71-4204-BDD4-71DED1A9398F}"
EndProject
Global
	GlobalSection(SolutionConfigurationPlatforms) = preSolution
		Debug|Any CPU = Debug|Any CPU
		Release|Any CPU = Release|Any CPU
	EndGlobalSection
	GlobalSection(ProjectConfigurationPlatforms) = postSolution
		{882B3424-8F71-4204-BDD4-71DED1A9398F}.Debug|Any CPU.ActiveCfg = Debug|Any CPU
		{882B3424-8F71-4204-BDD4-71DED1A9398F}.Debug|Any CPU.Build.0 = Debug|Any CPU
		{882B3424-8F71-4204-BDD4-71DED1A9398F}.Release|Any CPU.ActiveCfg = Release|Any CPU
		{882B3424-8F71-4204-BDD4-71DED1A9398F}.Release|Any CPU.Build.0 = Release|Any CPU
	EndGlobalSection
	GlobalSection(SolutionProperties) = preSolution
		HideSolutionNode = FALSE
	EndGlobalSection
	GlobalSection(ExtensibilityGlobals) = postSolution
		SolutionGuid = {DBD3FF12-EE59-4DDB-BDD1-05FA205F093A}
	EndGlobalSection
EndGlobal
