
Microsoft Visual Studio Solution File, Format Version 12.00
# Visual Studio Version 16
VisualStudioVersion = 16.0.28803.202
MinimumVisualStudioVersion = 10.0.40219.1
Project("{9A19103F-16F7-4668-BE54-9A1E7A4F7556}") = "SoftwareCenterWebApp", "SoftwareCenterWebApp\SoftwareCenterWebApp.csproj", "{DB484AAE-FD6D-451D-815B-7A53DD025953}"
EndProject
Global
	GlobalSection(SolutionConfigurationPlatforms) = preSolution
		Debug|Any CPU = Debug|Any CPU
		Release|Any CPU = Release|Any CPU
	EndGlobalSection
	GlobalSection(ProjectConfigurationPlatforms) = postSolution
		{DB484AAE-FD6D-451D-815B-7A53DD025953}.Debug|Any CPU.ActiveCfg = Debug|Any CPU
		{DB484AAE-FD6D-451D-815B-7A53DD025953}.Debug|Any CPU.Build.0 = Debug|Any CPU
		{DB484AAE-FD6D-451D-815B-7A53DD025953}.Release|Any CPU.ActiveCfg = Release|Any CPU
		{DB484AAE-FD6D-451D-815B-7A53DD025953}.Release|Any CPU.Build.0 = Release|Any CPU
	EndGlobalSection
	GlobalSection(SolutionProperties) = preSolution
		HideSolutionNode = FALSE
	EndGlobalSection
	GlobalSection(ExtensibilityGlobals) = postSolution
		SolutionGuid = {DBD3FF12-EE59-4DDB-BDD1-05FA205F093A}
	EndGlobalSection
EndGlobal
